
Microsoft Visual Studio Solution File, Format Version 12.00
# Visual Studio 15
VisualStudioVersion = 15.0.27428.2015
MinimumVisualStudioVersion = 10.0.40219.1
Project("{9A19103F-16F7-4668-BE54-9A1E7A4F7556}") = "Pjs1.Main", "Pjs1\Pjs1.Main.csproj", "{28FDB98E-6444-412B-B2CD-8C11F169E9F2}"
EndProject
Project("{9A19103F-16F7-4668-BE54-9A1E7A4F7556}") = "Pjs1.Common", "Pjs1.Common\Pjs1.Common.csproj", "{4F81C80E-BB01-4CDE-B455-553B9DD81483}"
EndProject
Project("{9A19103F-16F7-4668-BE54-9A1E7A4F7556}") = "Pjs1.BLL", "Pjs1.BLL\Pjs1.BLL.csproj", "{D59B5904-2215-41E3-BB14-82062B45B26E}"
EndProject
Project("{9A19103F-16F7-4668-BE54-9A1E7A4F7556}") = "Pjs1.DAL", "Pjs1.DAL\Pjs1.DAL.csproj", "{A40D9A23-FF25-4F26-A877-068358BF205E}"
EndProject
Project("{2150E333-8FDC-42A3-9474-1A3956D46DE8}") = "Tools", "Tools", "{95ABB68B-D2CE-486B-B91D-DB6C5FCC6A2E}"
EndProject
Project("{2150E333-8FDC-42A3-9474-1A3956D46DE8}") = "Generate", "Generate", "{DDDECC52-FA70-4B35-90DF-BB43C4339631}"
EndProject
Project("{FAE04EC0-301F-11D3-BF4B-00C04F79EFBC}") = "GenerateConfigJson", "Tools\Generate\BundleConfig\GenerateConfigJson\GenerateConfigJson.csproj", "{97C931FE-8D5E-4F01-96E7-FE43EE2EEE6B}"
EndProject
Global
	GlobalSection(SolutionConfigurationPlatforms) = preSolution
		Debug|Any CPU = Debug|Any CPU
		Release|Any CPU = Release|Any CPU
	EndGlobalSection
	GlobalSection(ProjectConfigurationPlatforms) = postSolution
		{28FDB98E-6444-412B-B2CD-8C11F169E9F2}.Debug|Any CPU.ActiveCfg = Debug|Any CPU
		{28FDB98E-6444-412B-B2CD-8C11F169E9F2}.Debug|Any CPU.Build.0 = Debug|Any CPU
		{28FDB98E-6444-412B-B2CD-8C11F169E9F2}.Release|Any CPU.ActiveCfg = Release|Any CPU
		{28FDB98E-6444-412B-B2CD-8C11F169E9F2}.Release|Any CPU.Build.0 = Release|Any CPU
		{4F81C80E-BB01-4CDE-B455-553B9DD81483}.Debug|Any CPU.ActiveCfg = Debug|Any CPU
		{4F81C80E-BB01-4CDE-B455-553B9DD81483}.Debug|Any CPU.Build.0 = Debug|Any CPU
		{4F81C80E-BB01-4CDE-B455-553B9DD81483}.Release|Any CPU.ActiveCfg = Release|Any CPU
		{4F81C80E-BB01-4CDE-B455-553B9DD81483}.Release|Any CPU.Build.0 = Release|Any CPU
		{D59B5904-2215-41E3-BB14-82062B45B26E}.Debug|Any CPU.ActiveCfg = Debug|Any CPU
		{D59B5904-2215-41E3-BB14-82062B45B26E}.Debug|Any CPU.Build.0 = Debug|Any CPU
		{D59B5904-2215-41E3-BB14-82062B45B26E}.Release|Any CPU.ActiveCfg = Release|Any CPU
		{D59B5904-2215-41E3-BB14-82062B45B26E}.Release|Any CPU.Build.0 = Release|Any CPU
		{A40D9A23-FF25-4F26-A877-068358BF205E}.Debug|Any CPU.ActiveCfg = Debug|Any CPU
		{A40D9A23-FF25-4F26-A877-068358BF205E}.Debug|Any CPU.Build.0 = Debug|Any CPU
		{A40D9A23-FF25-4F26-A877-068358BF205E}.Release|Any CPU.ActiveCfg = Release|Any CPU
		{A40D9A23-FF25-4F26-A877-068358BF205E}.Release|Any CPU.Build.0 = Release|Any CPU
		{97C931FE-8D5E-4F01-96E7-FE43EE2EEE6B}.Debug|Any CPU.ActiveCfg = Debug|Any CPU
		{97C931FE-8D5E-4F01-96E7-FE43EE2EEE6B}.Debug|Any CPU.Build.0 = Debug|Any CPU
		{97C931FE-8D5E-4F01-96E7-FE43EE2EEE6B}.Release|Any CPU.ActiveCfg = Release|Any CPU
		{97C931FE-8D5E-4F01-96E7-FE43EE2EEE6B}.Release|Any CPU.Build.0 = Release|Any CPU
	EndGlobalSection
	GlobalSection(SolutionProperties) = preSolution
		HideSolutionNode = FALSE
	EndGlobalSection
	GlobalSection(NestedProjects) = preSolution
		{DDDECC52-FA70-4B35-90DF-BB43C4339631} = {95ABB68B-D2CE-486B-B91D-DB6C5FCC6A2E}
		{97C931FE-8D5E-4F01-96E7-FE43EE2EEE6B} = {DDDECC52-FA70-4B35-90DF-BB43C4339631}
	EndGlobalSection
	GlobalSection(ExtensibilityGlobals) = postSolution
		SolutionGuid = {36E971D5-3EC1-47BA-969A-24EE6EC8E810}
	EndGlobalSection
EndGlobal
